
Microsoft Visual Studio Solution File, Format Version 12.00
# Visual Studio Version 16
VisualStudioVersion = 16.0.31112.23
MinimumVisualStudioVersion = 10.0.40219.1
Project("{8BC9CEB8-8B4A-11D0-8D11-00A0C91BC942}") = "Media Remote", "Media Remote\Media Remote.vcxproj", "{1FA16483-355C-4923-B716-731377791942}"
	ProjectSection(ProjectDependencies) = postProject
		{C2F13AAD-554A-4F81-858B-D6BDC642262C} = {C2F13AAD-554A-4F81-858B-D6BDC642262C}
	EndProjectSection
EndProject
Project("{8BC9CEB8-8B4A-11D0-8D11-00A0C91BC942}") = "WinampPlugin", "WinampPlugin\WinampPlugin.vcxproj", "{C2F13AAD-554A-4F81-858B-D6BDC642262C}"
EndProject
Global
	GlobalSection(SolutionConfigurationPlatforms) = preSolution
		Debug|Win32 = Debug|Win32
		Debug|x64 = Debug|x64
		Release|Win32 = Release|Win32
		Release|x64 = Release|x64
	EndGlobalSection
	GlobalSection(ProjectConfigurationPlatforms) = postSolution
		{1FA16483-355C-4923-B716-731377791942}.Debug|Win32.ActiveCfg = Debug|Win32
		{1FA16483-355C-4923-B716-731377791942}.Debug|Win32.Build.0 = Debug|Win32
		{1FA16483-355C-4923-B716-731377791942}.Debug|x64.ActiveCfg = Debug|x64
		{1FA16483-355C-4923-B716-731377791942}.Debug|x64.Build.0 = Debug|x64
		{1FA16483-355C-4923-B716-731377791942}.Release|Win32.ActiveCfg = Release|Win32
		{1FA16483-355C-4923-B716-731377791942}.Release|Win32.Build.0 = Release|Win32
		{1FA16483-355C-4923-B716-731377791942}.Release|x64.ActiveCfg = Release|x64
		{1FA16483-355C-4923-B716-731377791942}.Release|x64.Build.0 = Release|x64
		{C2F13AAD-554A-4F81-858B-D6BDC642262C}.Debug|Win32.ActiveCfg = Debug|Win32
		{C2F13AAD-554A-4F81-858B-D6BDC642262C}.Debug|Win32.Build.0 = Debug|Win32
		{C2F13AAD-554A-4F81-858B-D6BDC642262C}.Debug|x64.ActiveCfg = Debug|x64
		{C2F13AAD-554A-4F81-858B-D6BDC642262C}.Debug|x64.Build.0 = Debug|x64
		{C2F13AAD-554A-4F81-858B-D6BDC642262C}.Release|Win32.ActiveCfg = Release|Win32
		{C2F13AAD-554A-4F81-858B-D6BDC642262C}.Release|Win32.Build.0 = Release|Win32
		{C2F13AAD-554A-4F81-858B-D6BDC642262C}.Release|x64.ActiveCfg = Release|x64
		{C2F13AAD-554A-4F81-858B-D6BDC642262C}.Release|x64.Build.0 = Release|x64
	EndGlobalSection
	GlobalSection(SolutionProperties) = preSolution
		HideSolutionNode = FALSE
	EndGlobalSection
	GlobalSection(ExtensibilityGlobals) = postSolution
		SolutionGuid = {D34881CA-43F6-4C33-81C6-77DED43A3733}
	EndGlobalSection
EndGlobal
